
Microsoft Visual Studio Solution File, Format Version 12.00
# Visual Studio 15
VisualStudioVersion = 15.0.28307.779
MinimumVisualStudioVersion = 10.0.40219.1
Project("{FAE04EC0-301F-11D3-BF4B-00C04F79EFBC}") = "AppUI", "AppUI\AppUI.csproj", "{CC75FA84-18CF-49C3-895A-52737C194F8C}"
	ProjectSection(ProjectDependencies) = postProject
		{7276FEB5-A55C-4641-8CDD-CCE4818301F5} = {7276FEB5-A55C-4641-8CDD-CCE4818301F5}
		{AEA65ABA-F846-45AA-BD00-ED0C8653958E} = {AEA65ABA-F846-45AA-BD00-ED0C8653958E}
	EndProjectSection
EndProject
Project("{8BC9CEB8-8B4A-11D0-8D11-00A0C91BC942}") = "SunnyVision", "SunnyVision\SunnyVision.vcxproj", "{7276FEB5-A55C-4641-8CDD-CCE4818301F5}"
EndProject
Project("{2150E333-8FDC-42A3-9474-1A3956D46DE8}") = "_3rd", "_3rd", "{7BA73957-1586-4894-9B10-EE1347F1A94D}"
EndProject
Project("{FAE04EC0-301F-11D3-BF4B-00C04F79EFBC}") = "SmartThreadPool45", "SmartThreadPool\SmartThreadPool45.csproj", "{9901CC77-B854-4EEA-B913-7BE2566005C3}"
EndProject
Project("{8BC9CEB8-8B4A-11D0-8D11-00A0C91BC942}") = "TEST_RTSP_Capture", "TEST_RTSP_Capture\TEST_RTSP_Capture.vcxproj", "{B3037FB7-D1C7-4F07-A180-753BDAB06E7E}"
EndProject
Project("{2150E333-8FDC-42A3-9474-1A3956D46DE8}") = "DLL", "DLL", "{ADDD8209-9F1D-4289-BF2C-57ED8D7AB008}"
EndProject
Project("{8BC9CEB8-8B4A-11D0-8D11-00A0C91BC942}") = "MVDll_v2017.3406.4601.0001", "MVDll_v2017.3406.4601.0001\MVDll_v2017.3406.4601.0001.vcxproj", "{AEA65ABA-F846-45AA-BD00-ED0C8653958E}"
EndProject
Project("{FAE04EC0-301F-11D3-BF4B-00C04F79EFBC}") = "WPF_UI", "WPF_UI\WPF_UI.csproj", "{448F2507-31C1-467A-9F8A-2F0B0CCB12E7}"
EndProject
Global
	GlobalSection(SolutionConfigurationPlatforms) = preSolution
		Debug|Any CPU = Debug|Any CPU
		Debug|x64 = Debug|x64
		Debug|x86 = Debug|x86
		Publish|Any CPU = Publish|Any CPU
		Publish|x64 = Publish|x64
		Publish|x86 = Publish|x86
		Release|Any CPU = Release|Any CPU
		Release|x64 = Release|x64
		Release|x86 = Release|x86
	EndGlobalSection
	GlobalSection(ProjectConfigurationPlatforms) = postSolution
		{CC75FA84-18CF-49C3-895A-52737C194F8C}.Debug|Any CPU.ActiveCfg = Debug|Any CPU
		{CC75FA84-18CF-49C3-895A-52737C194F8C}.Debug|Any CPU.Build.0 = Debug|Any CPU
		{CC75FA84-18CF-49C3-895A-52737C194F8C}.Debug|x64.ActiveCfg = Debug|Any CPU
		{CC75FA84-18CF-49C3-895A-52737C194F8C}.Debug|x64.Build.0 = Debug|Any CPU
		{CC75FA84-18CF-49C3-895A-52737C194F8C}.Debug|x86.ActiveCfg = Debug|Any CPU
		{CC75FA84-18CF-49C3-895A-52737C194F8C}.Debug|x86.Build.0 = Debug|Any CPU
		{CC75FA84-18CF-49C3-895A-52737C194F8C}.Publish|Any CPU.ActiveCfg = Release|Any CPU
		{CC75FA84-18CF-49C3-895A-52737C194F8C}.Publish|Any CPU.Build.0 = Release|Any CPU
		{CC75FA84-18CF-49C3-895A-52737C194F8C}.Publish|x64.ActiveCfg = Release|Any CPU
		{CC75FA84-18CF-49C3-895A-52737C194F8C}.Publish|x64.Build.0 = Release|Any CPU
		{CC75FA84-18CF-49C3-895A-52737C194F8C}.Publish|x86.ActiveCfg = Release|Any CPU
		{CC75FA84-18CF-49C3-895A-52737C194F8C}.Publish|x86.Build.0 = Release|Any CPU
		{CC75FA84-18CF-49C3-895A-52737C194F8C}.Release|Any CPU.ActiveCfg = Release|Any CPU
		{CC75FA84-18CF-49C3-895A-52737C194F8C}.Release|Any CPU.Build.0 = Release|Any CPU
		{CC75FA84-18CF-49C3-895A-52737C194F8C}.Release|x64.ActiveCfg = Release|Any CPU
		{CC75FA84-18CF-49C3-895A-52737C194F8C}.Release|x64.Build.0 = Release|Any CPU
		{CC75FA84-18CF-49C3-895A-52737C194F8C}.Release|x86.ActiveCfg = Release|Any CPU
		{CC75FA84-18CF-49C3-895A-52737C194F8C}.Release|x86.Build.0 = Release|Any CPU
		{7276FEB5-A55C-4641-8CDD-CCE4818301F5}.Debug|Any CPU.ActiveCfg = Debug|Win32
		{7276FEB5-A55C-4641-8CDD-CCE4818301F5}.Debug|x64.ActiveCfg = Debug|x64
		{7276FEB5-A55C-4641-8CDD-CCE4818301F5}.Debug|x64.Build.0 = Debug|x64
		{7276FEB5-A55C-4641-8CDD-CCE4818301F5}.Debug|x86.ActiveCfg = Debug|Win32
		{7276FEB5-A55C-4641-8CDD-CCE4818301F5}.Debug|x86.Build.0 = Debug|Win32
		{7276FEB5-A55C-4641-8CDD-CCE4818301F5}.Publish|Any CPU.ActiveCfg = Release|x64
		{7276FEB5-A55C-4641-8CDD-CCE4818301F5}.Publish|Any CPU.Build.0 = Release|x64
		{7276FEB5-A55C-4641-8CDD-CCE4818301F5}.Publish|x64.ActiveCfg = Release|x64
		{7276FEB5-A55C-4641-8CDD-CCE4818301F5}.Publish|x64.Build.0 = Release|x64
		{7276FEB5-A55C-4641-8CDD-CCE4818301F5}.Publish|x86.ActiveCfg = Release|Win32
		{7276FEB5-A55C-4641-8CDD-CCE4818301F5}.Publish|x86.Build.0 = Release|Win32
		{7276FEB5-A55C-4641-8CDD-CCE4818301F5}.Release|Any CPU.ActiveCfg = Release|Win32
		{7276FEB5-A55C-4641-8CDD-CCE4818301F5}.Release|x64.ActiveCfg = Release|x64
		{7276FEB5-A55C-4641-8CDD-CCE4818301F5}.Release|x64.Build.0 = Release|x64
		{7276FEB5-A55C-4641-8CDD-CCE4818301F5}.Release|x86.ActiveCfg = Release|Win32
		{7276FEB5-A55C-4641-8CDD-CCE4818301F5}.Release|x86.Build.0 = Release|Win32
		{9901CC77-B854-4EEA-B913-7BE2566005C3}.Debug|Any CPU.ActiveCfg = Debug|Any CPU
		{9901CC77-B854-4EEA-B913-7BE2566005C3}.Debug|x64.ActiveCfg = Debug|Any CPU
		{9901CC77-B854-4EEA-B913-7BE2566005C3}.Debug|x64.Build.0 = Debug|Any CPU
		{9901CC77-B854-4EEA-B913-7BE2566005C3}.Debug|x86.ActiveCfg = Debug|Any CPU
		{9901CC77-B854-4EEA-B913-7BE2566005C3}.Debug|x86.Build.0 = Debug|Any CPU
		{9901CC77-B854-4EEA-B913-7BE2566005C3}.Publish|Any CPU.ActiveCfg = Publish|Any CPU
		{9901CC77-B854-4EEA-B913-7BE2566005C3}.Publish|Any CPU.Build.0 = Publish|Any CPU
		{9901CC77-B854-4EEA-B913-7BE2566005C3}.Publish|x64.ActiveCfg = Publish|Any CPU
		{9901CC77-B854-4EEA-B913-7BE2566005C3}.Publish|x64.Build.0 = Publish|Any CPU
		{9901CC77-B854-4EEA-B913-7BE2566005C3}.Publish|x86.ActiveCfg = Publish|Any CPU
		{9901CC77-B854-4EEA-B913-7BE2566005C3}.Publish|x86.Build.0 = Publish|Any CPU
		{9901CC77-B854-4EEA-B913-7BE2566005C3}.Release|Any CPU.ActiveCfg = Release|Any CPU
		{9901CC77-B854-4EEA-B913-7BE2566005C3}.Release|x64.ActiveCfg = Release|Any CPU
		{9901CC77-B854-4EEA-B913-7BE2566005C3}.Release|x64.Build.0 = Release|Any CPU
		{9901CC77-B854-4EEA-B913-7BE2566005C3}.Release|x86.ActiveCfg = Release|Any CPU
		{9901CC77-B854-4EEA-B913-7BE2566005C3}.Release|x86.Build.0 = Release|Any CPU
		{B3037FB7-D1C7-4F07-A180-753BDAB06E7E}.Debug|Any CPU.ActiveCfg = Debug|Win32
		{B3037FB7-D1C7-4F07-A180-753BDAB06E7E}.Debug|x64.ActiveCfg = Debug|x64
		{B3037FB7-D1C7-4F07-A180-753BDAB06E7E}.Debug|x64.Build.0 = Debug|x64
		{B3037FB7-D1C7-4F07-A180-753BDAB06E7E}.Debug|x86.ActiveCfg = Debug|Win32
		{B3037FB7-D1C7-4F07-A180-753BDAB06E7E}.Debug|x86.Build.0 = Debug|Win32
		{B3037FB7-D1C7-4F07-A180-753BDAB06E7E}.Publish|Any CPU.ActiveCfg = Release|x64
		{B3037FB7-D1C7-4F07-A180-753BDAB06E7E}.Publish|Any CPU.Build.0 = Release|x64
		{B3037FB7-D1C7-4F07-A180-753BDAB06E7E}.Publish|x64.ActiveCfg = Release|x64
		{B3037FB7-D1C7-4F07-A180-753BDAB06E7E}.Publish|x64.Build.0 = Release|x64
		{B3037FB7-D1C7-4F07-A180-753BDAB06E7E}.Publish|x86.ActiveCfg = Release|Win32
		{B3037FB7-D1C7-4F07-A180-753BDAB06E7E}.Publish|x86.Build.0 = Release|Win32
		{B3037FB7-D1C7-4F07-A180-753BDAB06E7E}.Release|Any CPU.ActiveCfg = Release|Win32
		{B3037FB7-D1C7-4F07-A180-753BDAB06E7E}.Release|x64.ActiveCfg = Release|x64
		{B3037FB7-D1C7-4F07-A180-753BDAB06E7E}.Release|x64.Build.0 = Release|x64
		{B3037FB7-D1C7-4F07-A180-753BDAB06E7E}.Release|x86.ActiveCfg = Release|Win32
		{B3037FB7-D1C7-4F07-A180-753BDAB06E7E}.Release|x86.Build.0 = Release|Win32
		{AEA65ABA-F846-45AA-BD00-ED0C8653958E}.Debug|Any CPU.ActiveCfg = Release|Win32
		{AEA65ABA-F846-45AA-BD00-ED0C8653958E}.Debug|Any CPU.Build.0 = Release|Win32
		{AEA65ABA-F846-45AA-BD00-ED0C8653958E}.Debug|x64.ActiveCfg = Debug|x64
		{AEA65ABA-F846-45AA-BD00-ED0C8653958E}.Debug|x64.Build.0 = Debug|x64
		{AEA65ABA-F846-45AA-BD00-ED0C8653958E}.Debug|x86.ActiveCfg = Debug|Win32
		{AEA65ABA-F846-45AA-BD00-ED0C8653958E}.Debug|x86.Build.0 = Debug|Win32
		{AEA65ABA-F846-45AA-BD00-ED0C8653958E}.Publish|Any CPU.ActiveCfg = Release|x64
		{AEA65ABA-F846-45AA-BD00-ED0C8653958E}.Publish|Any CPU.Build.0 = Release|x64
		{AEA65ABA-F846-45AA-BD00-ED0C8653958E}.Publish|x64.ActiveCfg = Release|x64
		{AEA65ABA-F846-45AA-BD00-ED0C8653958E}.Publish|x64.Build.0 = Release|x64
		{AEA65ABA-F846-45AA-BD00-ED0C8653958E}.Publish|x86.ActiveCfg = Release|Win32
		{AEA65ABA-F846-45AA-BD00-ED0C8653958E}.Publish|x86.Build.0 = Release|Win32
		{AEA65ABA-F846-45AA-BD00-ED0C8653958E}.Release|Any CPU.ActiveCfg = Release|Win32
		{AEA65ABA-F846-45AA-BD00-ED0C8653958E}.Release|Any CPU.Build.0 = Release|Win32
		{AEA65ABA-F846-45AA-BD00-ED0C8653958E}.Release|x64.ActiveCfg = Release|x64
		{AEA65ABA-F846-45AA-BD00-ED0C8653958E}.Release|x64.Build.0 = Release|x64
		{AEA65ABA-F846-45AA-BD00-ED0C8653958E}.Release|x86.ActiveCfg = Release|Win32
		{AEA65ABA-F846-45AA-BD00-ED0C8653958E}.Release|x86.Build.0 = Release|Win32
		{448F2507-31C1-467A-9F8A-2F0B0CCB12E7}.Debug|Any CPU.ActiveCfg = Debug|Any CPU
		{448F2507-31C1-467A-9F8A-2F0B0CCB12E7}.Debug|Any CPU.Build.0 = Debug|Any CPU
		{448F2507-31C1-467A-9F8A-2F0B0CCB12E7}.Debug|x64.ActiveCfg = Debug|Any CPU
		{448F2507-31C1-467A-9F8A-2F0B0CCB12E7}.Debug|x64.Build.0 = Debug|Any CPU
		{448F2507-31C1-467A-9F8A-2F0B0CCB12E7}.Debug|x86.ActiveCfg = Debug|Any CPU
		{448F2507-31C1-467A-9F8A-2F0B0CCB12E7}.Debug|x86.Build.0 = Debug|Any CPU
		{448F2507-31C1-467A-9F8A-2F0B0CCB12E7}.Publish|Any CPU.ActiveCfg = Release|Any CPU
		{448F2507-31C1-467A-9F8A-2F0B0CCB12E7}.Publish|Any CPU.Build.0 = Release|Any CPU
		{448F2507-31C1-467A-9F8A-2F0B0CCB12E7}.Publish|x64.ActiveCfg = Release|Any CPU
		{448F2507-31C1-467A-9F8A-2F0B0CCB12E7}.Publish|x64.Build.0 = Release|Any CPU
		{448F2507-31C1-467A-9F8A-2F0B0CCB12E7}.Publish|x86.ActiveCfg = Release|Any CPU
		{448F2507-31C1-467A-9F8A-2F0B0CCB12E7}.Publish|x86.Build.0 = Release|Any CPU
		{448F2507-31C1-467A-9F8A-2F0B0CCB12E7}.Release|Any CPU.ActiveCfg = Release|Any CPU
		{448F2507-31C1-467A-9F8A-2F0B0CCB12E7}.Release|Any CPU.Build.0 = Release|Any CPU
		{448F2507-31C1-467A-9F8A-2F0B0CCB12E7}.Release|x64.ActiveCfg = Release|Any CPU
		{448F2507-31C1-467A-9F8A-2F0B0CCB12E7}.Release|x64.Build.0 = Release|Any CPU
		{448F2507-31C1-467A-9F8A-2F0B0CCB12E7}.Release|x86.ActiveCfg = Release|Any CPU
		{448F2507-31C1-467A-9F8A-2F0B0CCB12E7}.Release|x86.Build.0 = Release|Any CPU
	EndGlobalSection
	GlobalSection(SolutionProperties) = preSolution
		HideSolutionNode = FALSE
	EndGlobalSection
	GlobalSection(NestedProjects) = preSolution
		{9901CC77-B854-4EEA-B913-7BE2566005C3} = {7BA73957-1586-4894-9B10-EE1347F1A94D}
		{AEA65ABA-F846-45AA-BD00-ED0C8653958E} = {ADDD8209-9F1D-4289-BF2C-57ED8D7AB008}
	EndGlobalSection
	GlobalSection(ExtensibilityGlobals) = postSolution
		SolutionGuid = {FB6A7C52-418A-467B-84D4-AF4E64AB318C}
	EndGlobalSection
EndGlobal
